
Microsoft Visual Studio Solution File, Format Version 12.00
# Visual Studio Version 17
VisualStudioVersion = 17.0.31903.59
MinimumVisualStudioVersion = 10.0.40219.1
Project("{FAE04EC0-301F-11D3-BF4B-00C04F79EFBC}") = "SportsStore", "SportsStore\SportsStore.csproj", "{8497474D-6361-4721-8E31-D5EA74DA675D}"
EndProject
Project("{FAE04EC0-301F-11D3-BF4B-00C04F79EFBC}") = "SportsStore.Tests", "SportsStore.Tests\SportsStore.Tests.csproj", "{35FDF2BD-EAED-41D3-9131-67D74753267F}"
EndProject
Global
	GlobalSection(SolutionConfigurationPlatforms) = preSolution
		Debug|Any CPU = Debug|Any CPU
		Release|Any CPU = Release|Any CPU
	EndGlobalSection
	GlobalSection(SolutionProperties) = preSolution
		HideSolutionNode = FALSE
	EndGlobalSection
	GlobalSection(ProjectConfigurationPlatforms) = postSolution
		{8497474D-6361-4721-8E31-D5EA74DA675D}.Debug|Any CPU.ActiveCfg = Debug|Any CPU
		{8497474D-6361-4721-8E31-D5EA74DA675D}.Debug|Any CPU.Build.0 = Debug|Any CPU
		{8497474D-6361-4721-8E31-D5EA74DA675D}.Release|Any CPU.ActiveCfg = Release|Any CPU
		{8497474D-6361-4721-8E31-D5EA74DA675D}.Release|Any CPU.Build.0 = Release|Any CPU
		{35FDF2BD-EAED-41D3-9131-67D74753267F}.Debug|Any CPU.ActiveCfg = Debug|Any CPU
		{35FDF2BD-EAED-41D3-9131-67D74753267F}.Debug|Any CPU.Build.0 = Debug|Any CPU
		{35FDF2BD-EAED-41D3-9131-67D74753267F}.Release|Any CPU.ActiveCfg = Release|Any CPU
		{35FDF2BD-EAED-41D3-9131-67D74753267F}.Release|Any CPU.Build.0 = Release|Any CPU
	EndGlobalSection
EndGlobal
